schema: '2.0'
stages:
  prepare_data:
    cmd: python src/prepare_data.py
    deps:
    - path: src/prepare_data.py
      hash: md5
      md5: 53b928ec8996f43a5abdba5b7353d3d2
      size: 717
    outs:
    - path: data/diabetes.csv
      hash: md5
      md5: 9f72b6b0590b47199ea7e9304a589506
      size: 97
